
Microsoft Visual Studio Solution File, Format Version 12.00
# Visual Studio Version 17
VisualStudioVersion = 17.3.32804.467
MinimumVisualStudioVersion = 10.0.40219.1
Project("{8BC9CEB8-8B4A-11D0-8D11-00A0C91BC942}") = "task3.1", "task3.1.vcxproj", "{D4738C3D-5C37-417B-8AFA-83E9560F9A6B}"
EndProject
Global
	GlobalSection(SolutionConfigurationPlatforms) = preSolution
		Debug|x64 = Debug|x64
		Debug|x86 = Debug|x86
		Release|x64 = Release|x64
		Release|x86 = Release|x86
	EndGlobalSection
	GlobalSection(ProjectConfigurationPlatforms) = postSolution
		{D4738C3D-5C37-417B-8AFA-83E9560F9A6B}.Debug|x64.ActiveCfg = Debug|x64
		{D4738C3D-5C37-417B-8AFA-83E9560F9A6B}.Debug|x64.Build.0 = Debug|x64
		{D4738C3D-5C37-417B-8AFA-83E9560F9A6B}.Debug|x86.ActiveCfg = Debug|Win32
		{D4738C3D-5C37-417B-8AFA-83E9560F9A6B}.Debug|x86.Build.0 = Debug|Win32
		{D4738C3D-5C37-417B-8AFA-83E9560F9A6B}.Release|x64.ActiveCfg = Release|x64
		{D4738C3D-5C37-417B-8AFA-83E9560F9A6B}.Release|x64.Build.0 = Release|x64
		{D4738C3D-5C37-417B-8AFA-83E9560F9A6B}.Release|x86.ActiveCfg = Release|Win32
		{D4738C3D-5C37-417B-8AFA-83E9560F9A6B}.Release|x86.Build.0 = Release|Win32
	EndGlobalSection
	GlobalSection(SolutionProperties) = preSolution
		HideSolutionNode = FALSE
	EndGlobalSection
	GlobalSection(ExtensibilityGlobals) = postSolution
		SolutionGuid = {610C6BDE-4ED9-4838-B5CD-47A50ADE0CFC}
	EndGlobalSection
EndGlobal
